# @generated by Move, please check-in and do not edit manually.

[move]
version = 2
manifest_digest = "CEBB1262F8C0617AE059C14C5D6450192343465B7457C408263591B27450ABEF"
deps_digest = "F8BBB0CCB2491CA29A3DF03D6F92277A4F3574266507ACD77214D37ECA3F3082"
dependencies = [
  { name = "Sui" },
]

[[move.package]]
name = "MoveStdlib"
source = { git = "https://github.com/MystenLabs/sui.git", rev = "framework/testnet", subdir = "crates/sui-framework/packages/move-stdlib" }

[[move.package]]
name = "Sui"
source = { git = "https://github.com/MystenLabs/sui.git", rev = "framework/testnet", subdir = "crates/sui-framework/packages/sui-framework" }

dependencies = [
  { name = "MoveStdlib" },
]

[move.toolchain-version]
compiler-version = "1.27.2"
edition = "2024.beta"
flavor = "sui"

[env]

[env.testnet]
chain-id = "4c78adac"
original-published-id = "0x9144b3abf73c46a31ca81262080a433410122993eda962ff8a23ebfabad8d464"
latest-published-id = "0x9144b3abf73c46a31ca81262080a433410122993eda962ff8a23ebfabad8d464"
published-version = "1"
